
Microsoft Visual Studio Solution File, Format Version 12.00
# Visual Studio Version 16
VisualStudioVersion = 16.0.29806.167
MinimumVisualStudioVersion = 10.0.40219.1
Project("{FAE04EC0-301F-11D3-BF4B-00C04F79EFBC}") = "Garage.Email.Abstractions", "Garage.Email.Abstractions\Garage.Email.Abstractions.csproj", "{4576A4CD-772C-47D3-910D-E8840E83E7F8}"
EndProject
Project("{FAE04EC0-301F-11D3-BF4B-00C04F79EFBC}") = "Garage.Email.SendGrid", "Garage.Email.SendGrid\Garage.Email.SendGrid.csproj", "{238428B8-02A9-463A-9762-F0A99D029C54}"
EndProject
Project("{FAE04EC0-301F-11D3-BF4B-00C04F79EFBC}") = "Garage.Email.SendGrid.Demo", "Garage.Email.SendGrid.Demo\Garage.Email.SendGrid.Demo.csproj", "{890802EE-474D-4BE9-8349-4FFD3F968D92}"
EndProject
Global
	GlobalSection(SolutionConfigurationPlatforms) = preSolution
		Debug|Any CPU = Debug|Any CPU
		Release|Any CPU = Release|Any CPU
	EndGlobalSection
	GlobalSection(ProjectConfigurationPlatforms) = postSolution
		{4576A4CD-772C-47D3-910D-E8840E83E7F8}.Debug|Any CPU.ActiveCfg = Debug|Any CPU
		{4576A4CD-772C-47D3-910D-E8840E83E7F8}.Debug|Any CPU.Build.0 = Debug|Any CPU
		{4576A4CD-772C-47D3-910D-E8840E83E7F8}.Release|Any CPU.ActiveCfg = Release|Any CPU
		{4576A4CD-772C-47D3-910D-E8840E83E7F8}.Release|Any CPU.Build.0 = Release|Any CPU
		{238428B8-02A9-463A-9762-F0A99D029C54}.Debug|Any CPU.ActiveCfg = Debug|Any CPU
		{238428B8-02A9-463A-9762-F0A99D029C54}.Debug|Any CPU.Build.0 = Debug|Any CPU
		{238428B8-02A9-463A-9762-F0A99D029C54}.Release|Any CPU.ActiveCfg = Release|Any CPU
		{238428B8-02A9-463A-9762-F0A99D029C54}.Release|Any CPU.Build.0 = Release|Any CPU
		{890802EE-474D-4BE9-8349-4FFD3F968D92}.Debug|Any CPU.ActiveCfg = Debug|Any CPU
		{890802EE-474D-4BE9-8349-4FFD3F968D92}.Debug|Any CPU.Build.0 = Debug|Any CPU
		{890802EE-474D-4BE9-8349-4FFD3F968D92}.Release|Any CPU.ActiveCfg = Release|Any CPU
		{890802EE-474D-4BE9-8349-4FFD3F968D92}.Release|Any CPU.Build.0 = Release|Any CPU
	EndGlobalSection
	GlobalSection(SolutionProperties) = preSolution
		HideSolutionNode = FALSE
	EndGlobalSection
	GlobalSection(ExtensibilityGlobals) = postSolution
		SolutionGuid = {69C5D798-6921-4056-AB30-17F359F42B7C}
	EndGlobalSection
EndGlobal
